
Microsoft Visual Studio Solution File, Format Version 12.00
# Visual Studio Version 18
VisualStudioVersion = 18.6.11822.322 d18.6
MinimumVisualStudioVersion = 10.0.40219.1
Project("{8BC9CEB8-8B4A-11D0-8D11-00A0C91BC942}") = "Talay", "Talay.vcxproj", "{1E0FA8B2-BC99-4FDB-9D72-F42669FA50D9}"
EndProject
Global
	GlobalSection(SolutionConfigurationPlatforms) = preSolution
		Debug|ARM64 = Debug|ARM64
		Debug|x64 = Debug|x64
		Debug|x86 = Debug|x86
		Release|ARM64 = Release|ARM64
		Release|x64 = Release|x64
		Release|x86 = Release|x86
	EndGlobalSection
	GlobalSection(ProjectConfigurationPlatforms) = postSolution
		{1E0FA8B2-BC99-4FDB-9D72-F42669FA50D9}.Debug|ARM64.ActiveCfg = Debug|ARM64
		{1E0FA8B2-BC99-4FDB-9D72-F42669FA50D9}.Debug|ARM64.Build.0 = Debug|ARM64
		{1E0FA8B2-BC99-4FDB-9D72-F42669FA50D9}.Debug|ARM64.Deploy.0 = Debug|ARM64
		{1E0FA8B2-BC99-4FDB-9D72-F42669FA50D9}.Debug|x64.ActiveCfg = Debug|x64
		{1E0FA8B2-BC99-4FDB-9D72-F42669FA50D9}.Debug|x64.Build.0 = Debug|x64
		{1E0FA8B2-BC99-4FDB-9D72-F42669FA50D9}.Debug|x64.Deploy.0 = Debug|x64
		{1E0FA8B2-BC99-4FDB-9D72-F42669FA50D9}.Debug|x86.ActiveCfg = Debug|Win32
		{1E0FA8B2-BC99-4FDB-9D72-F42669FA50D9}.Debug|x86.Build.0 = Debug|Win32
		{1E0FA8B2-BC99-4FDB-9D72-F42669FA50D9}.Debug|x86.Deploy.0 = Debug|Win32
		{1E0FA8B2-BC99-4FDB-9D72-F42669FA50D9}.Release|ARM64.ActiveCfg = Release|ARM64
		{1E0FA8B2-BC99-4FDB-9D72-F42669FA50D9}.Release|ARM64.Build.0 = Release|ARM64
		{1E0FA8B2-BC99-4FDB-9D72-F42669FA50D9}.Release|ARM64.Deploy.0 = Release|ARM64
		{1E0FA8B2-BC99-4FDB-9D72-F42669FA50D9}.Release|x64.ActiveCfg = Release|x64
		{1E0FA8B2-BC99-4FDB-9D72-F42669FA50D9}.Release|x64.Build.0 = Release|x64
		{1E0FA8B2-BC99-4FDB-9D72-F42669FA50D9}.Release|x64.Deploy.0 = Release|x64
		{1E0FA8B2-BC99-4FDB-9D72-F42669FA50D9}.Release|x86.ActiveCfg = Release|Win32
		{1E0FA8B2-BC99-4FDB-9D72-F42669FA50D9}.Release|x86.Build.0 = Release|Win32
		{1E0FA8B2-BC99-4FDB-9D72-F42669FA50D9}.Release|x86.Deploy.0 = Release|Win32
	EndGlobalSection
	GlobalSection(SolutionProperties) = preSolution
		HideSolutionNode = FALSE
	EndGlobalSection
	GlobalSection(ExtensibilityGlobals) = postSolution
		SolutionGuid = {24A61FA1-E647-4EA1-A8FB-2A05B614C4F7}
	EndGlobalSection
EndGlobal
